
Microsoft Visual Studio Solution File, Format Version 12.00
# Visual Studio 15
VisualStudioVersion = 15.0.28307.1738
MinimumVisualStudioVersion = 10.0.40219.1
Project("{FAE04EC0-301F-11D3-BF4B-00C04F79EFBC}") = "Aula_210", "Aula_210\Aula_210.csproj", "{4BA8D12B-7674-4283-B857-7092E5CCA43D}"
EndProject
Global
	GlobalSection(SolutionConfigurationPlatforms) = preSolution
		Debug|Any CPU = Debug|Any CPU
		Release|Any CPU = Release|Any CPU
	EndGlobalSection
	GlobalSection(ProjectConfigurationPlatforms) = postSolution
		{4BA8D12B-7674-4283-B857-7092E5CCA43D}.Debug|Any CPU.ActiveCfg = Debug|Any CPU
		{4BA8D12B-7674-4283-B857-7092E5CCA43D}.Debug|Any CPU.Build.0 = Debug|Any CPU
		{4BA8D12B-7674-4283-B857-7092E5CCA43D}.Release|Any CPU.ActiveCfg = Release|Any CPU
		{4BA8D12B-7674-4283-B857-7092E5CCA43D}.Release|Any CPU.Build.0 = Release|Any CPU
	EndGlobalSection
	GlobalSection(SolutionProperties) = preSolution
		HideSolutionNode = FALSE
	EndGlobalSection
	GlobalSection(ExtensibilityGlobals) = postSolution
		SolutionGuid = {83D78187-BDB6-4CAF-A0D8-5B3FFFA4D5F1}
	EndGlobalSection
EndGlobal
