
Microsoft Visual Studio Solution File, Format Version 12.00
# Visual Studio 15
VisualStudioVersion = 15.0.28307.329
MinimumVisualStudioVersion = 10.0.40219.1
Project("{FAE04EC0-301F-11D3-BF4B-00C04F79EFBC}") = "Exerc_Whi1", "Exerc_Whi1\Exerc_Whi1.csproj", "{FBE32CBD-7CDC-4ED4-8100-020AC9A0CA1F}"
EndProject
Global
	GlobalSection(SolutionConfigurationPlatforms) = preSolution
		Debug|Any CPU = Debug|Any CPU
		Release|Any CPU = Release|Any CPU
	EndGlobalSection
	GlobalSection(ProjectConfigurationPlatforms) = postSolution
		{FBE32CBD-7CDC-4ED4-8100-020AC9A0CA1F}.Debug|Any CPU.ActiveCfg = Debug|Any CPU
		{FBE32CBD-7CDC-4ED4-8100-020AC9A0CA1F}.Debug|Any CPU.Build.0 = Debug|Any CPU
		{FBE32CBD-7CDC-4ED4-8100-020AC9A0CA1F}.Release|Any CPU.ActiveCfg = Release|Any CPU
		{FBE32CBD-7CDC-4ED4-8100-020AC9A0CA1F}.Release|Any CPU.Build.0 = Release|Any CPU
	EndGlobalSection
	GlobalSection(SolutionProperties) = preSolution
		HideSolutionNode = FALSE
	EndGlobalSection
	GlobalSection(ExtensibilityGlobals) = postSolution
		SolutionGuid = {32A175F8-87BA-40FA-ACEA-F68B0FCC0F26}
	EndGlobalSection
EndGlobal
