
Microsoft Visual Studio Solution File, Format Version 12.00
# Visual Studio 15
VisualStudioVersion = 15.0.28307.329
MinimumVisualStudioVersion = 10.0.40219.1
Project("{FAE04EC0-301F-11D3-BF4B-00C04F79EFBC}") = "Exerc_For1", "Exerc_For1\Exerc_For1.csproj", "{1F7496EA-CF1A-4466-9355-F4FA1FDBEFB3}"
EndProject
Global
	GlobalSection(SolutionConfigurationPlatforms) = preSolution
		Debug|Any CPU = Debug|Any CPU
		Release|Any CPU = Release|Any CPU
	EndGlobalSection
	GlobalSection(ProjectConfigurationPlatforms) = postSolution
		{1F7496EA-CF1A-4466-9355-F4FA1FDBEFB3}.Debug|Any CPU.ActiveCfg = Debug|Any CPU
		{1F7496EA-CF1A-4466-9355-F4FA1FDBEFB3}.Debug|Any CPU.Build.0 = Debug|Any CPU
		{1F7496EA-CF1A-4466-9355-F4FA1FDBEFB3}.Release|Any CPU.ActiveCfg = Release|Any CPU
		{1F7496EA-CF1A-4466-9355-F4FA1FDBEFB3}.Release|Any CPU.Build.0 = Release|Any CPU
	EndGlobalSection
	GlobalSection(SolutionProperties) = preSolution
		HideSolutionNode = FALSE
	EndGlobalSection
	GlobalSection(ExtensibilityGlobals) = postSolution
		SolutionGuid = {7A8925AE-B697-4F79-94FB-0FB9C0FC7D0D}
	EndGlobalSection
EndGlobal
