
Microsoft Visual Studio Solution File, Format Version 12.00
# Visual Studio 15
VisualStudioVersion = 15.0.28307.329
MinimumVisualStudioVersion = 10.0.40219.1
Project("{FAE04EC0-301F-11D3-BF4B-00C04F79EFBC}") = "Aula22", "Aula22\Aula22.csproj", "{28211ED8-3E57-49D2-A611-22DA72A9F502}"
EndProject
Global
	GlobalSection(SolutionConfigurationPlatforms) = preSolution
		Debug|Any CPU = Debug|Any CPU
		Release|Any CPU = Release|Any CPU
	EndGlobalSection
	GlobalSection(ProjectConfigurationPlatforms) = postSolution
		{28211ED8-3E57-49D2-A611-22DA72A9F502}.Debug|Any CPU.ActiveCfg = Debug|Any CPU
		{28211ED8-3E57-49D2-A611-22DA72A9F502}.Debug|Any CPU.Build.0 = Debug|Any CPU
		{28211ED8-3E57-49D2-A611-22DA72A9F502}.Release|Any CPU.ActiveCfg = Release|Any CPU
		{28211ED8-3E57-49D2-A611-22DA72A9F502}.Release|Any CPU.Build.0 = Release|Any CPU
	EndGlobalSection
	GlobalSection(SolutionProperties) = preSolution
		HideSolutionNode = FALSE
	EndGlobalSection
	GlobalSection(ExtensibilityGlobals) = postSolution
		SolutionGuid = {2DDA9C1D-B64A-42CF-AA66-733CC5E32DC8}
	EndGlobalSection
EndGlobal
