
Microsoft Visual Studio Solution File, Format Version 12.00
# Visual Studio 15
VisualStudioVersion = 15.0.28307.438
MinimumVisualStudioVersion = 10.0.40219.1
Project("{9A19103F-16F7-4668-BE54-9A1E7A4F7556}") = "Aula121_StringBuilder", "Aula121_StringBuilder\Aula121_StringBuilder.csproj", "{3610CF93-0D89-4A28-A697-05EBA2622C30}"
EndProject
Global
	GlobalSection(SolutionConfigurationPlatforms) = preSolution
		Debug|Any CPU = Debug|Any CPU
		Release|Any CPU = Release|Any CPU
	EndGlobalSection
	GlobalSection(ProjectConfigurationPlatforms) = postSolution
		{3610CF93-0D89-4A28-A697-05EBA2622C30}.Debug|Any CPU.ActiveCfg = Debug|Any CPU
		{3610CF93-0D89-4A28-A697-05EBA2622C30}.Debug|Any CPU.Build.0 = Debug|Any CPU
		{3610CF93-0D89-4A28-A697-05EBA2622C30}.Release|Any CPU.ActiveCfg = Release|Any CPU
		{3610CF93-0D89-4A28-A697-05EBA2622C30}.Release|Any CPU.Build.0 = Release|Any CPU
	EndGlobalSection
	GlobalSection(SolutionProperties) = preSolution
		HideSolutionNode = FALSE
	EndGlobalSection
	GlobalSection(ExtensibilityGlobals) = postSolution
		SolutionGuid = {DE9FFF3B-565B-4417-A7C7-9729381178DB}
	EndGlobalSection
EndGlobal
