
Microsoft Visual Studio Solution File, Format Version 12.00
# Visual Studio 15
VisualStudioVersion = 15.0.28307.1738
MinimumVisualStudioVersion = 10.0.40219.1
Project("{FAE04EC0-301F-11D3-BF4B-00C04F79EFBC}") = "Basicos", "Basicos\Basicos.csproj", "{574AC880-9E7C-4A81-A860-2C2A4B3F5FFF}"
EndProject
Global
	GlobalSection(SolutionConfigurationPlatforms) = preSolution
		Debug|Any CPU = Debug|Any CPU
		Release|Any CPU = Release|Any CPU
	EndGlobalSection
	GlobalSection(ProjectConfigurationPlatforms) = postSolution
		{574AC880-9E7C-4A81-A860-2C2A4B3F5FFF}.Debug|Any CPU.ActiveCfg = Debug|Any CPU
		{574AC880-9E7C-4A81-A860-2C2A4B3F5FFF}.Debug|Any CPU.Build.0 = Debug|Any CPU
		{574AC880-9E7C-4A81-A860-2C2A4B3F5FFF}.Release|Any CPU.ActiveCfg = Release|Any CPU
		{574AC880-9E7C-4A81-A860-2C2A4B3F5FFF}.Release|Any CPU.Build.0 = Release|Any CPU
	EndGlobalSection
	GlobalSection(SolutionProperties) = preSolution
		HideSolutionNode = FALSE
	EndGlobalSection
	GlobalSection(ExtensibilityGlobals) = postSolution
		SolutionGuid = {C681E359-EA85-400E-99C8-556993137A29}
	EndGlobalSection
EndGlobal
